
Microsoft Visual Studio Solution File, Format Version 12.00
# Visual Studio 2012
Project("{FAE04EC0-301F-11D3-BF4B-00C04F79EFBC}") = "KlipWorksApp", "KlipWorksApp\KlipWorksApp.csproj", "{00FFD1A4-20FD-439D-9CBD-439A39516383}"
EndProject
Global
	GlobalSection(SolutionConfigurationPlatforms) = preSolution
		Debug|iPhoneSimulator = Debug|iPhoneSimulator
		Release|iPhone = Release|iPhone
		Release|iPhoneSimulator = Release|iPhoneSimulator
		Debug|iPhone = Debug|iPhone
	EndGlobalSection
	GlobalSection(ProjectConfigurationPlatforms) = postSolution
		{00FFD1A4-20FD-439D-9CBD-439A39516383}.Debug|iPhoneSimulator.ActiveCfg = Debug|iPhoneSimulator
		{00FFD1A4-20FD-439D-9CBD-439A39516383}.Debug|iPhoneSimulator.Build.0 = Debug|iPhoneSimulator
		{00FFD1A4-20FD-439D-9CBD-439A39516383}.Release|iPhone.ActiveCfg = Release|iPhone
		{00FFD1A4-20FD-439D-9CBD-439A39516383}.Release|iPhone.Build.0 = Release|iPhone
		{00FFD1A4-20FD-439D-9CBD-439A39516383}.Release|iPhoneSimulator.ActiveCfg = Release|iPhoneSimulator
		{00FFD1A4-20FD-439D-9CBD-439A39516383}.Release|iPhoneSimulator.Build.0 = Release|iPhoneSimulator
		{00FFD1A4-20FD-439D-9CBD-439A39516383}.Debug|iPhone.ActiveCfg = Debug|iPhone
		{00FFD1A4-20FD-439D-9CBD-439A39516383}.Debug|iPhone.Build.0 = Debug|iPhone
	EndGlobalSection
EndGlobal
